
Microsoft Visual Studio Solution File, Format Version 12.00
# Visual Studio Version 17
VisualStudioVersion = 17.10.34928.147
MinimumVisualStudioVersion = 10.0.40219.1
Project("{9A19103F-16F7-4668-BE54-9A1E7A4F7556}") = "HospitalProjectServer.Entities", "HospitalProjectServer.Entities\HospitalProjectServer.Entities.csproj", "{5E495600-72AD-4478-B081-3BB28407188D}"
EndProject
Project("{9A19103F-16F7-4668-BE54-9A1E7A4F7556}") = "HospitalProjectServer.DataAccess", "HospitalProjectServer.DataAccess\HospitalProjectServer.DataAccess.csproj", "{D92876E0-F9BE-4832-9DD9-2C0E9DB79C40}"
EndProject
Project("{9A19103F-16F7-4668-BE54-9A1E7A4F7556}") = "HospitalProjectServer.WebAPI", "HospitalProjectServer.WebAPI\HospitalProjectServer.WebAPI.csproj", "{71E7ADA8-5CA9-4912-8E2F-DC8C38603E1E}"
EndProject
Project("{FAE04EC0-301F-11D3-BF4B-00C04F79EFBC}") = "HospitalProjectServer.Business", "HospitalProjectServer.Business\HospitalProjectServer.Business.csproj", "{24F3B310-97B3-4941-9900-7601C1EE1A09}"
EndProject
Global
	GlobalSection(SolutionConfigurationPlatforms) = preSolution
		Debug|Any CPU = Debug|Any CPU
		Release|Any CPU = Release|Any CPU
	EndGlobalSection
	GlobalSection(ProjectConfigurationPlatforms) = postSolution
		{5E495600-72AD-4478-B081-3BB28407188D}.Debug|Any CPU.ActiveCfg = Debug|Any CPU
		{5E495600-72AD-4478-B081-3BB28407188D}.Debug|Any CPU.Build.0 = Debug|Any CPU
		{5E495600-72AD-4478-B081-3BB28407188D}.Release|Any CPU.ActiveCfg = Release|Any CPU
		{5E495600-72AD-4478-B081-3BB28407188D}.Release|Any CPU.Build.0 = Release|Any CPU
		{D92876E0-F9BE-4832-9DD9-2C0E9DB79C40}.Debug|Any CPU.ActiveCfg = Debug|Any CPU
		{D92876E0-F9BE-4832-9DD9-2C0E9DB79C40}.Debug|Any CPU.Build.0 = Debug|Any CPU
		{D92876E0-F9BE-4832-9DD9-2C0E9DB79C40}.Release|Any CPU.ActiveCfg = Release|Any CPU
		{D92876E0-F9BE-4832-9DD9-2C0E9DB79C40}.Release|Any CPU.Build.0 = Release|Any CPU
		{71E7ADA8-5CA9-4912-8E2F-DC8C38603E1E}.Debug|Any CPU.ActiveCfg = Debug|Any CPU
		{71E7ADA8-5CA9-4912-8E2F-DC8C38603E1E}.Debug|Any CPU.Build.0 = Debug|Any CPU
		{71E7ADA8-5CA9-4912-8E2F-DC8C38603E1E}.Release|Any CPU.ActiveCfg = Release|Any CPU
		{71E7ADA8-5CA9-4912-8E2F-DC8C38603E1E}.Release|Any CPU.Build.0 = Release|Any CPU
		{24F3B310-97B3-4941-9900-7601C1EE1A09}.Debug|Any CPU.ActiveCfg = Debug|Any CPU
		{24F3B310-97B3-4941-9900-7601C1EE1A09}.Debug|Any CPU.Build.0 = Debug|Any CPU
		{24F3B310-97B3-4941-9900-7601C1EE1A09}.Release|Any CPU.ActiveCfg = Release|Any CPU
		{24F3B310-97B3-4941-9900-7601C1EE1A09}.Release|Any CPU.Build.0 = Release|Any CPU
	EndGlobalSection
	GlobalSection(SolutionProperties) = preSolution
		HideSolutionNode = FALSE
	EndGlobalSection
	GlobalSection(ExtensibilityGlobals) = postSolution
		SolutionGuid = {4F084AFE-F316-4CE4-B658-E9177A9D2C17}
	EndGlobalSection
EndGlobal
